
Microsoft Visual Studio Solution File, Format Version 12.00
# Visual Studio 14
VisualStudioVersion = 14.0.23107.0
MinimumVisualStudioVersion = 10.0.40219.1
Project("{FAE04EC0-301F-11D3-BF4B-00C04F79EFBC}") = "ScarletLock", "ScarletLock\ScarletLock.csproj", "{F753EB32-EAE1-4928-9AC6-96C9B27AEE45}"
EndProject
Project("{FAE04EC0-301F-11D3-BF4B-00C04F79EFBC}") = "ScarletLock.Tests", "ScarletLock.Tests\ScarletLock.Tests.csproj", "{B6CAA7E5-6EFF-4BF1-8032-8223A8B58B13}"
EndProject
Project("{FAE04EC0-301F-11D3-BF4B-00C04F79EFBC}") = "ScarletLock.Example", "ScarletLock.Example\ScarletLock.Example.csproj", "{3BEC003B-402A-4B3A-8FC3-9A07EC23F094}"
EndProject
Global
	GlobalSection(SolutionConfigurationPlatforms) = preSolution
		Debug|Any CPU = Debug|Any CPU
		Release|Any CPU = Release|Any CPU
	EndGlobalSection
	GlobalSection(ProjectConfigurationPlatforms) = postSolution
		{F753EB32-EAE1-4928-9AC6-96C9B27AEE45}.Debug|Any CPU.ActiveCfg = Debug|Any CPU
		{F753EB32-EAE1-4928-9AC6-96C9B27AEE45}.Debug|Any CPU.Build.0 = Debug|Any CPU
		{F753EB32-EAE1-4928-9AC6-96C9B27AEE45}.Release|Any CPU.ActiveCfg = Release|Any CPU
		{F753EB32-EAE1-4928-9AC6-96C9B27AEE45}.Release|Any CPU.Build.0 = Release|Any CPU
		{B6CAA7E5-6EFF-4BF1-8032-8223A8B58B13}.Debug|Any CPU.ActiveCfg = Debug|Any CPU
		{B6CAA7E5-6EFF-4BF1-8032-8223A8B58B13}.Debug|Any CPU.Build.0 = Debug|Any CPU
		{B6CAA7E5-6EFF-4BF1-8032-8223A8B58B13}.Release|Any CPU.ActiveCfg = Release|Any CPU
		{B6CAA7E5-6EFF-4BF1-8032-8223A8B58B13}.Release|Any CPU.Build.0 = Release|Any CPU
		{3BEC003B-402A-4B3A-8FC3-9A07EC23F094}.Debug|Any CPU.ActiveCfg = Debug|Any CPU
		{3BEC003B-402A-4B3A-8FC3-9A07EC23F094}.Debug|Any CPU.Build.0 = Debug|Any CPU
		{3BEC003B-402A-4B3A-8FC3-9A07EC23F094}.Release|Any CPU.ActiveCfg = Release|Any CPU
		{3BEC003B-402A-4B3A-8FC3-9A07EC23F094}.Release|Any CPU.Build.0 = Release|Any CPU
	EndGlobalSection
	GlobalSection(SolutionProperties) = preSolution
		HideSolutionNode = FALSE
	EndGlobalSection
EndGlobal
